
Microsoft Visual Studio Solution File, Format Version 12.00
# Visual Studio 15
VisualStudioVersion = 15.0.27428.2037
MinimumVisualStudioVersion = 10.0.40219.1
Project("{FAE04EC0-301F-11D3-BF4B-00C04F79EFBC}") = "HelloWPF", "HelloWPF\HelloWPF.csproj", "{16BF7F38-23E4-4F83-89DC-B32770CF8913}"
EndProject
Global
	GlobalSection(SolutionConfigurationPlatforms) = preSolution
		Debug|Any CPU = Debug|Any CPU
		Release|Any CPU = Release|Any CPU
	EndGlobalSection
	GlobalSection(ProjectConfigurationPlatforms) = postSolution
		{16BF7F38-23E4-4F83-89DC-B32770CF8913}.Debug|Any CPU.ActiveCfg = Debug|Any CPU
		{16BF7F38-23E4-4F83-89DC-B32770CF8913}.Debug|Any CPU.Build.0 = Debug|Any CPU
		{16BF7F38-23E4-4F83-89DC-B32770CF8913}.Release|Any CPU.ActiveCfg = Release|Any CPU
		{16BF7F38-23E4-4F83-89DC-B32770CF8913}.Release|Any CPU.Build.0 = Release|Any CPU
	EndGlobalSection
	GlobalSection(SolutionProperties) = preSolution
		HideSolutionNode = FALSE
	EndGlobalSection
	GlobalSection(ExtensibilityGlobals) = postSolution
		SolutionGuid = {4A1AEA3C-6AC9-4240-8613-1A81DB948F46}
	EndGlobalSection
EndGlobal
