
Microsoft Visual Studio Solution File, Format Version 12.00
# Visual Studio 15
VisualStudioVersion = 15.0.28307.572
MinimumVisualStudioVersion = 10.0.40219.1
Project("{FAE04EC0-301F-11D3-BF4B-00C04F79EFBC}") = "TodoApi", "TodoApi\TodoApi.csproj", "{540720DC-E4EF-4D9C-811D-7537CA4A426B}"
EndProject
Global
	GlobalSection(SolutionConfigurationPlatforms) = preSolution
		Debug|Any CPU = Debug|Any CPU
		Release|Any CPU = Release|Any CPU
	EndGlobalSection
	GlobalSection(ProjectConfigurationPlatforms) = postSolution
		{540720DC-E4EF-4D9C-811D-7537CA4A426B}.Debug|Any CPU.ActiveCfg = Debug|Any CPU
		{540720DC-E4EF-4D9C-811D-7537CA4A426B}.Debug|Any CPU.Build.0 = Debug|Any CPU
		{540720DC-E4EF-4D9C-811D-7537CA4A426B}.Release|Any CPU.ActiveCfg = Release|Any CPU
		{540720DC-E4EF-4D9C-811D-7537CA4A426B}.Release|Any CPU.Build.0 = Release|Any CPU
	EndGlobalSection
	GlobalSection(SolutionProperties) = preSolution
		HideSolutionNode = FALSE
	EndGlobalSection
	GlobalSection(ExtensibilityGlobals) = postSolution
		SolutionGuid = {CEE2A2A0-C0B1-40ED-9C35-7CA7501D7FB0}
	EndGlobalSection
EndGlobal
