
Microsoft Visual Studio Solution File, Format Version 12.00
# Visual Studio 15
VisualStudioVersion = 15.0.27428.2037
MinimumVisualStudioVersion = 10.0.40219.1
Project("{FAE04EC0-301F-11D3-BF4B-00C04F79EFBC}") = "MyQrCode", "MyQrCode\MyQrCode.csproj", "{378620EE-9723-4664-A02E-13A3C597FDDB}"
EndProject
Global
	GlobalSection(SolutionConfigurationPlatforms) = preSolution
		Debug|Any CPU = Debug|Any CPU
		Release|Any CPU = Release|Any CPU
	EndGlobalSection
	GlobalSection(ProjectConfigurationPlatforms) = postSolution
		{378620EE-9723-4664-A02E-13A3C597FDDB}.Debug|Any CPU.ActiveCfg = Debug|Any CPU
		{378620EE-9723-4664-A02E-13A3C597FDDB}.Debug|Any CPU.Build.0 = Debug|Any CPU
		{378620EE-9723-4664-A02E-13A3C597FDDB}.Release|Any CPU.ActiveCfg = Release|Any CPU
		{378620EE-9723-4664-A02E-13A3C597FDDB}.Release|Any CPU.Build.0 = Release|Any CPU
	EndGlobalSection
	GlobalSection(SolutionProperties) = preSolution
		HideSolutionNode = FALSE
	EndGlobalSection
	GlobalSection(ExtensibilityGlobals) = postSolution
		SolutionGuid = {9E41A0A1-E0EC-4009-8761-0AD7E522A11C}
	EndGlobalSection
EndGlobal
