
Microsoft Visual Studio Solution File, Format Version 12.00
# Visual Studio 15
VisualStudioVersion = 15.0.27428.2037
MinimumVisualStudioVersion = 10.0.40219.1
Project("{FAE04EC0-301F-11D3-BF4B-00C04F79EFBC}") = "HelloAndroid", "HelloAndroid\HelloAndroid.csproj", "{2D8820F2-9073-4C4B-B4AC-99D28863F414}"
EndProject
Global
	GlobalSection(SolutionConfigurationPlatforms) = preSolution
		Debug|Any CPU = Debug|Any CPU
		Release|Any CPU = Release|Any CPU
	EndGlobalSection
	GlobalSection(ProjectConfigurationPlatforms) = postSolution
		{2D8820F2-9073-4C4B-B4AC-99D28863F414}.Debug|Any CPU.ActiveCfg = Debug|Any CPU
		{2D8820F2-9073-4C4B-B4AC-99D28863F414}.Debug|Any CPU.Build.0 = Debug|Any CPU
		{2D8820F2-9073-4C4B-B4AC-99D28863F414}.Debug|Any CPU.Deploy.0 = Debug|Any CPU
		{2D8820F2-9073-4C4B-B4AC-99D28863F414}.Release|Any CPU.ActiveCfg = Release|Any CPU
		{2D8820F2-9073-4C4B-B4AC-99D28863F414}.Release|Any CPU.Build.0 = Release|Any CPU
		{2D8820F2-9073-4C4B-B4AC-99D28863F414}.Release|Any CPU.Deploy.0 = Release|Any CPU
	EndGlobalSection
	GlobalSection(SolutionProperties) = preSolution
		HideSolutionNode = FALSE
	EndGlobalSection
	GlobalSection(ExtensibilityGlobals) = postSolution
		SolutionGuid = {907D838B-634E-47C5-B04F-F0D53B343BF0}
	EndGlobalSection
EndGlobal
