
Microsoft Visual Studio Solution File, Format Version 12.00
# Visual Studio 15
VisualStudioVersion = 15.0.28307.572
MinimumVisualStudioVersion = 10.0.40219.1
Project("{FAE04EC0-301F-11D3-BF4B-00C04F79EFBC}") = "midi", "midi\midi.csproj", "{45926FDD-0355-4708-8D16-6AFBF56F2CEE}"
EndProject
Global
	GlobalSection(SolutionConfigurationPlatforms) = preSolution
		Debug|Any CPU = Debug|Any CPU
		Release|Any CPU = Release|Any CPU
	EndGlobalSection
	GlobalSection(ProjectConfigurationPlatforms) = postSolution
		{45926FDD-0355-4708-8D16-6AFBF56F2CEE}.Debug|Any CPU.ActiveCfg = Debug|Any CPU
		{45926FDD-0355-4708-8D16-6AFBF56F2CEE}.Debug|Any CPU.Build.0 = Debug|Any CPU
		{45926FDD-0355-4708-8D16-6AFBF56F2CEE}.Release|Any CPU.ActiveCfg = Release|Any CPU
		{45926FDD-0355-4708-8D16-6AFBF56F2CEE}.Release|Any CPU.Build.0 = Release|Any CPU
	EndGlobalSection
	GlobalSection(SolutionProperties) = preSolution
		HideSolutionNode = FALSE
	EndGlobalSection
	GlobalSection(ExtensibilityGlobals) = postSolution
		SolutionGuid = {36D40E37-1CAA-447F-A932-073917F980F5}
	EndGlobalSection
EndGlobal
