
Microsoft Visual Studio Solution File, Format Version 12.00
# Visual Studio 15
VisualStudioVersion = 15.0.27428.2037
MinimumVisualStudioVersion = 10.0.40219.1
Project("{FAE04EC0-301F-11D3-BF4B-00C04F79EFBC}") = "HelloWorld", "HelloWorld\HelloWorld.csproj", "{CBE3C9D8-6D14-49BF-B7AC-59664078DBDE}"
EndProject
Global
	GlobalSection(SolutionConfigurationPlatforms) = preSolution
		Debug|Any CPU = Debug|Any CPU
		Release|Any CPU = Release|Any CPU
	EndGlobalSection
	GlobalSection(ProjectConfigurationPlatforms) = postSolution
		{CBE3C9D8-6D14-49BF-B7AC-59664078DBDE}.Debug|Any CPU.ActiveCfg = Debug|Any CPU
		{CBE3C9D8-6D14-49BF-B7AC-59664078DBDE}.Debug|Any CPU.Build.0 = Debug|Any CPU
		{CBE3C9D8-6D14-49BF-B7AC-59664078DBDE}.Release|Any CPU.ActiveCfg = Release|Any CPU
		{CBE3C9D8-6D14-49BF-B7AC-59664078DBDE}.Release|Any CPU.Build.0 = Release|Any CPU
	EndGlobalSection
	GlobalSection(SolutionProperties) = preSolution
		HideSolutionNode = FALSE
	EndGlobalSection
	GlobalSection(ExtensibilityGlobals) = postSolution
		SolutionGuid = {4C7151F4-D44A-4C97-8436-66DC9ADB20B2}
	EndGlobalSection
EndGlobal
